{
  "version": 4,
  "terraform_version": "1.6.6",
  "serial": 1232,
  "lineage": "cbf16aea-00a2-b8b1-5525-48ce451a8372",
  "outputs": {
    "external_ip_address_zabbix": {
      "value": "158.160.112.213",
      "type": "string"
    },
    "internal_ip_address_bastion": {
      "value": "158.160.118.144",
      "type": "string"
    },
    "internal_ip_address_elas": {
      "value": "158.160.117.198",
      "type": "string"
    },
    "internal_ip_address_kib": {
      "value": "158.160.118.215",
      "type": "string"
    },
    "internal_ip_address_vm_1": {
      "value": "51.250.70.159",
      "type": "string"
    },
    "internal_ip_address_vm_2": {
      "value": "84.252.137.221",
      "type": "string"
    },
    "internal_ip_address_zabbix": {
      "value": "158.160.112.213",
      "type": "string"
    }
  },
  "resources": [
    {
      "mode": "managed",
      "type": "yandex_alb_backend_group",
      "name": "backend-group",
      "provider": "provider[\"registry.terraform.io/yandex-cloud/yandex\"]",
      "instances": [
        {
          "schema_version": 0,
          "attributes": {
            "created_at": "2024-06-03T03:54:24Z",
            "description": "",
            "folder_id": "b1gjqdvni5q428vrpdii",
            "grpc_backend": [],
            "http_backend": [
              {
                "healthcheck": [
                  {
                    "grpc_healthcheck": [],
                    "healthcheck_port": 0,
                    "healthy_threshold": 10,
                    "http_healthcheck": [
                      {
                        "host": "",
                        "http2": false,
                        "path": "/"
                      }
                    ],
                    "interval": "2s",
                    "interval_jitter_percent": 0,
                    "stream_healthcheck": [],
                    "timeout": "10s",
                    "unhealthy_threshold": 15
                  }
                ],
                "http2": false,
                "load_balancing_config": [
                  {
                    "locality_aware_routing_percent": 0,
                    "mode": "ROUND_ROBIN",
                    "panic_threshold": 90,
                    "strict_locality": false
                  }
                ],
                "name": "bd-1",
                "port": 80,
                "storage_bucket": "",
                "target_group_ids": [
                  "ds7b4jqgjhf790kgi7g4"
                ],
                "tls": [],
                "weight": 1
              }
            ],
            "id": "ds7pbq318b2d8f25j4uk",
            "labels": {},
            "name": "backend-group",
            "session_affinity": [],
            "stream_backend": [],
            "timeouts": null
          },
          "sensitive_attributes": [],
          "private": "eyJlMmJmYjczMC1lY2FhLTExZTYtOGY4OC0zNDM2M2JjN2M0YzAiOnsiY3JlYXRlIjozMDAwMDAwMDAwMDAsImRlbGV0ZSI6MzAwMDAwMDAwMDAwLCJ1cGRhdGUiOjMwMDAwMDAwMDAwMH19",
          "dependencies": [
            "yandex_alb_target_group.tg-1",
            "yandex_compute_instance.vm-1",
            "yandex_compute_instance.vm-2",
            "yandex_vpc_network.network-1",
            "yandex_vpc_security_group.bastion-sg",
            "yandex_vpc_security_group.private-sg",
            "yandex_vpc_subnet.subnet-1",
            "yandex_vpc_subnet.subnet-2"
          ]
        }
      ]
    },
    {
      "mode": "managed",
      "type": "yandex_alb_http_router",
      "name": "router",
      "provider": "provider[\"registry.terraform.io/yandex-cloud/yandex\"]",
      "instances": [
        {
          "schema_version": 0,
          "attributes": {
            "created_at": "2024-06-03T03:53:36Z",
            "description": "",
            "folder_id": "b1gjqdvni5q428vrpdii",
            "id": "ds7vnk5pkdnlvtfmogcr",
            "labels": {},
            "name": "router",
            "route_options": [],
            "timeouts": null
          },
          "sensitive_attributes": [],
          "private": "eyJlMmJmYjczMC1lY2FhLTExZTYtOGY4OC0zNDM2M2JjN2M0YzAiOnsiY3JlYXRlIjozMDAwMDAwMDAwMDAsImRlbGV0ZSI6MzAwMDAwMDAwMDAwLCJ1cGRhdGUiOjMwMDAwMDAwMDAwMH19"
        }
      ]
    },
    {
      "mode": "managed",
      "type": "yandex_alb_load_balancer",
      "name": "alb-1",
      "provider": "provider[\"registry.terraform.io/yandex-cloud/yandex\"]",
      "instances": [
        {
          "schema_version": 0,
          "attributes": {
            "allocation_policy": [
              {
                "location": [
                  {
                    "disable_traffic": false,
                    "subnet_id": "e9bd11ksqbj53s5q23lh",
                    "zone_id": "ru-central1-a"
                  }
                ]
              }
            ],
            "created_at": "2024-06-03T03:53:43Z",
            "description": "",
            "folder_id": "b1gjqdvni5q428vrpdii",
            "id": "ds7hifbu0k64jh98912j",
            "labels": {},
            "listener": [
              {
                "endpoint": [
                  {
                    "address": [
                      {
                        "external_ipv4_address": [
                          {
                            "address": "158.160.165.106"
                          }
                        ],
                        "external_ipv6_address": [],
                        "internal_ipv4_address": []
                      }
                    ],
                    "ports": [
                      80
                    ]
                  }
                ],
                "http": [
                  {
                    "handler": [
                      {
                        "allow_http10": false,
                        "http2_options": [],
                        "http_router_id": "ds7vnk5pkdnlvtfmogcr",
                        "rewrite_request_id": false
                      }
                    ],
                    "redirects": []
                  }
                ],
                "name": "my-listener",
                "stream": [],
                "tls": []
              }
            ],
            "log_group_id": "",
            "log_options": [],
            "name": "alb-1",
            "network_id": "enp3htkn7ojr67obb2r4",
            "region_id": "",
            "security_group_ids": [
              "enp72imvqvirqedbrhuh",
              "enpe5fmd1ibtk4l5qv6h"
            ],
            "status": "active",
            "timeouts": null
          },
          "sensitive_attributes": [],
          "private": "eyJlMmJmYjczMC1lY2FhLTExZTYtOGY4OC0zNDM2M2JjN2M0YzAiOnsiY3JlYXRlIjo2MDAwMDAwMDAwMDAsImRlbGV0ZSI6NjAwMDAwMDAwMDAwLCJ1cGRhdGUiOjYwMDAwMDAwMDAwMH19",
          "dependencies": [
            "yandex_alb_http_router.router",
            "yandex_vpc_network.network-1",
            "yandex_vpc_security_group.bastion-sg",
            "yandex_vpc_security_group.load-balancer-sg",
            "yandex_vpc_security_group.private-sg",
            "yandex_vpc_subnet.subnet-1"
          ]
        }
      ]
    },
    {
      "mode": "managed",
      "type": "yandex_alb_target_group",
      "name": "tg-1",
      "provider": "provider[\"registry.terraform.io/yandex-cloud/yandex\"]",
      "instances": [
        {
          "schema_version": 0,
          "attributes": {
            "created_at": "2024-06-03T03:54:24Z",
            "description": "",
            "folder_id": "b1gjqdvni5q428vrpdii",
            "id": "ds7b4jqgjhf790kgi7g4",
            "labels": {},
            "name": "tg-1",
            "target": [
              {
                "ip_address": "192.168.10.10",
                "private_ipv4_address": false,
                "subnet_id": "e9bd11ksqbj53s5q23lh"
              },
              {
                "ip_address": "192.168.20.10",
                "private_ipv4_address": false,
                "subnet_id": "e2lu6svvrtqsm8egsee8"
              }
            ],
            "timeouts": null
          },
          "sensitive_attributes": [],
          "private": "eyJlMmJmYjczMC1lY2FhLTExZTYtOGY4OC0zNDM2M2JjN2M0YzAiOnsiY3JlYXRlIjozMDAwMDAwMDAwMDAsImRlbGV0ZSI6MzAwMDAwMDAwMDAwLCJ1cGRhdGUiOjMwMDAwMDAwMDAwMH19",
          "dependencies": [
            "yandex_compute_instance.vm-1",
            "yandex_compute_instance.vm-2",
            "yandex_vpc_network.network-1",
            "yandex_vpc_security_group.bastion-sg",
            "yandex_vpc_security_group.private-sg",
            "yandex_vpc_subnet.subnet-1",
            "yandex_vpc_subnet.subnet-2"
          ]
        }
      ]
    },
    {
      "mode": "managed",
      "type": "yandex_alb_virtual_host",
      "name": "router-host",
      "provider": "provider[\"registry.terraform.io/yandex-cloud/yandex\"]",
      "instances": [
        {
          "schema_version": 0,
          "attributes": {
            "authority": [],
            "http_router_id": "ds7vnk5pkdnlvtfmogcr",
            "id": "ds7vnk5pkdnlvtfmogcr/router-host",
            "modify_request_headers": [],
            "modify_response_headers": [],
            "name": "router-host",
            "route": [
              {
                "grpc_route": [],
                "http_route": [
                  {
                    "direct_response_action": [],
                    "http_match": [
                      {
                        "http_method": [],
                        "path": [
                          {
                            "exact": "",
                            "prefix": "/",
                            "regex": ""
                          }
                        ]
                      }
                    ],
                    "http_route_action": [
                      {
                        "auto_host_rewrite": false,
                        "backend_group_id": "ds7pbq318b2d8f25j4uk",
                        "host_rewrite": "",
                        "idle_timeout": "",
                        "prefix_rewrite": "",
                        "timeout": "3s",
                        "upgrade_types": []
                      }
                    ],
                    "redirect_action": []
                  }
                ],
                "name": "route",
                "route_options": []
              }
            ],
            "route_options": [],
            "timeouts": null
          },
          "sensitive_attributes": [],
          "private": "eyJlMmJmYjczMC1lY2FhLTExZTYtOGY4OC0zNDM2M2JjN2M0YzAiOnsiY3JlYXRlIjozMDAwMDAwMDAwMDAsImRlbGV0ZSI6MzAwMDAwMDAwMDAwLCJ1cGRhdGUiOjMwMDAwMDAwMDAwMH19",
          "dependencies": [
            "yandex_alb_backend_group.backend-group",
            "yandex_alb_http_router.router",
            "yandex_alb_target_group.tg-1",
            "yandex_compute_instance.vm-1",
            "yandex_compute_instance.vm-2",
            "yandex_vpc_network.network-1",
            "yandex_vpc_security_group.bastion-sg",
            "yandex_vpc_security_group.private-sg",
            "yandex_vpc_subnet.subnet-1",
            "yandex_vpc_subnet.subnet-2"
          ]
        }
      ]
    },
    {
      "mode": "managed",
      "type": "yandex_compute_instance",
      "name": "bast",
      "provider": "provider[\"registry.terraform.io/yandex-cloud/yandex\"]",
      "instances": [
        {
          "schema_version": 1,
          "attributes": {
            "allow_recreate": null,
            "allow_stopping_for_update": null,
            "boot_disk": [
              {
                "auto_delete": true,
                "device_name": "fhm8n9plqilpgmv6coaf",
                "disk_id": "fhm8n9plqilpgmv6coaf",
                "initialize_params": [
                  {
                    "block_size": 4096,
                    "description": "",
                    "image_id": "fd84ocs2qmrnto64cl6m",
                    "name": "",
                    "size": 10,
                    "snapshot_id": "",
                    "type": "network-hdd"
                  }
                ],
                "mode": "READ_WRITE"
              }
            ],
            "created_at": "2024-06-03T03:53:43Z",
            "description": "",
            "filesystem": [],
            "folder_id": "b1gjqdvni5q428vrpdii",
            "fqdn": "fhmin1dn5h7l545deqoi.auto.internal",
            "gpu_cluster_id": "",
            "hostname": "",
            "id": "fhmin1dn5h7l545deqoi",
            "labels": {},
            "local_disk": [],
            "maintenance_grace_period": "",
            "maintenance_policy": null,
            "metadata": {
              "ssh-keys": "ubuntu:ssh-rsa AAAAB3NzaC1yc2EAAAADAQABAAABgQC5u38933HnpE3wzMl5cqg+dk0peYr/dyI/24CQye2z7NXe5UofVtEwbz6LK1kPpI+Qq0aJnjCUhhtt/FQQvlXOH9fCuFKZsWGoYLF/jsBFPnRcUqQ75a3qNU8+llVWqd0hnLv6Hah4/ASvVV07cq5kahgLZ3oOGzHvAas2aCp44TueaPdlhSS3Ha46ql8u8ekKcLVFD67T63QhytrGs9/rd+VnQmstJVHqtY9Yky6z9Nyajddx7BdN75DlsgFQtImlVy8k4Qes4G6Cf6IIFCJj2oZGcu9MUZGnXZhRhkRefhDOJuh/stpmFl7IrcU+hJfPbIwpKr+Y3SgVW0XNJ/cD1ef9LxBv7SablAqxK+bdefWUChUg/lX2bUtt4z07DYhb6suE8mGIzi0k6xWwsENy/kaXR3BzStXBq/KKCpaaKl6bIovVgmP8Jz9KPuB7gj++ysKR9r+SnYkOMsvMKfyBNo9YdLXhVI9vUcGP8jG7lXRACrntyKV5enXRn/TtTJk= sizik0ff@VD\n"
            },
            "metadata_options": [
              {
                "aws_v1_http_endpoint": 1,
                "aws_v1_http_token": 2,
                "gce_http_endpoint": 1,
                "gce_http_token": 1
              }
            ],
            "name": "bast",
            "network_acceleration_type": "standard",
            "network_interface": [
              {
                "dns_record": [],
                "index": 0,
                "ip_address": "192.168.10.8",
                "ipv4": true,
                "ipv6": false,
                "ipv6_address": "",
                "ipv6_dns_record": [],
                "mac_address": "d0:0d:12:b8:5b:72",
                "nat": true,
                "nat_dns_record": [],
                "nat_ip_address": "158.160.118.144",
                "nat_ip_version": "IPV4",
                "security_group_ids": [
                  "enpo7j93uvfbdob15cff"
                ],
                "subnet_id": "e9bd11ksqbj53s5q23lh"
              }
            ],
            "placement_policy": [
              {
                "host_affinity_rules": [],
                "placement_group_id": "",
                "placement_group_partition": 0
              }
            ],
            "platform_id": "standard-v3",
            "resources": [
              {
                "core_fraction": 20,
                "cores": 2,
                "gpus": 0,
                "memory": 2
              }
            ],
            "scheduling_policy": [
              {
                "preemptible": false
              }
            ],
            "secondary_disk": [],
            "service_account_id": "",
            "status": "running",
            "timeouts": null,
            "zone": "ru-central1-a"
          },
          "sensitive_attributes": [],
          "private": "eyJlMmJmYjczMC1lY2FhLTExZTYtOGY4OC0zNDM2M2JjN2M0YzAiOnsiY3JlYXRlIjozMDAwMDAwMDAwMDAsImRlbGV0ZSI6MzAwMDAwMDAwMDAwLCJ1cGRhdGUiOjMwMDAwMDAwMDAwMH0sInNjaGVtYV92ZXJzaW9uIjoiMSJ9",
          "dependencies": [
            "yandex_vpc_network.network-1",
            "yandex_vpc_security_group.bastion-sg",
            "yandex_vpc_subnet.subnet-1"
          ]
        }
      ]
    },
    {
      "mode": "managed",
      "type": "yandex_compute_instance",
      "name": "elas",
      "provider": "provider[\"registry.terraform.io/yandex-cloud/yandex\"]",
      "instances": [
        {
          "schema_version": 1,
          "attributes": {
            "allow_recreate": null,
            "allow_stopping_for_update": null,
            "boot_disk": [
              {
                "auto_delete": true,
                "device_name": "fhm87n8utrc3pm8nmuov",
                "disk_id": "fhm87n8utrc3pm8nmuov",
                "initialize_params": [
                  {
                    "block_size": 4096,
                    "description": "",
                    "image_id": "fd84ocs2qmrnto64cl6m",
                    "name": "",
                    "size": 16,
                    "snapshot_id": "",
                    "type": "network-hdd"
                  }
                ],
                "mode": "READ_WRITE"
              }
            ],
            "created_at": "2024-06-03T03:53:46Z",
            "description": "",
            "filesystem": [],
            "folder_id": "b1gjqdvni5q428vrpdii",
            "fqdn": "fhm6rgj8j62jmbjbaa4f.auto.internal",
            "gpu_cluster_id": "",
            "hostname": "",
            "id": "fhm6rgj8j62jmbjbaa4f",
            "labels": {},
            "local_disk": [],
            "maintenance_grace_period": "",
            "maintenance_policy": null,
            "metadata": {
              "ssh-keys": "ubuntu:ssh-rsa AAAAB3NzaC1yc2EAAAADAQABAAABgQDL5+JIKUEdDfFwBlrHRi5F7TfxaiooX0h5Q6Wd4Ag5KHDA4r8WG8oIEp5lolnJY3ITozfAnpoJSPx/CxZTV7B51eBmAusCdar/qkkjj4U4lk946vPpW5LpV1BYUTMxihDH6YRi466P/LHVy1g5NS3T1uSj5Zydk0oPxYCfwAlLpFv9kfPbkoDR3kL4PeH58YbJRunci5lcWkSggI2O2Xtj0gi2v6Bug989GcwJYUtxHPp5GvoJbAt0yBntw6O99LSW1o+AgSRPcQfOa2HpfbfBWuPzkTUAgXwfi+bv+WzXEaYbm45UFyOY8gPXOvPdWhcUcnDtTQYYqSoPIPMWXaZCwLziskYMB/HPC2cT3aPjJoL7OuSetgOMRFYJEJm3TifuCeyy6asCYAYKAJ8WWh6Obw7jAcL8QmE61YQ6FD1IjszGI6v63RtKNjnu7XsiyTolHS2cw370oxYrgXu+sF51/W0xMl6tOtvUQHQzJu6XExO/LscxTE5+GvCC2lKatBM= sizik0ff@VD\n"
            },
            "metadata_options": [
              {
                "aws_v1_http_endpoint": 1,
                "aws_v1_http_token": 2,
                "gce_http_endpoint": 1,
                "gce_http_token": 1
              }
            ],
            "name": "elas",
            "network_acceleration_type": "standard",
            "network_interface": [
              {
                "dns_record": [],
                "index": 0,
                "ip_address": "192.168.10.20",
                "ipv4": true,
                "ipv6": false,
                "ipv6_address": "",
                "ipv6_dns_record": [],
                "mac_address": "d0:0d:6d:c2:68:99",
                "nat": true,
                "nat_dns_record": [],
                "nat_ip_address": "158.160.117.198",
                "nat_ip_version": "IPV4",
                "security_group_ids": [
                  "enp72imvqvirqedbrhuh",
                  "enprq58ji0u32a9p8rkq"
                ],
                "subnet_id": "e9bd11ksqbj53s5q23lh"
              }
            ],
            "placement_policy": [
              {
                "host_affinity_rules": [],
                "placement_group_id": "",
                "placement_group_partition": 0
              }
            ],
            "platform_id": "standard-v3",
            "resources": [
              {
                "core_fraction": 20,
                "cores": 4,
                "gpus": 0,
                "memory": 8
              }
            ],
            "scheduling_policy": [
              {
                "preemptible": false
              }
            ],
            "secondary_disk": [],
            "service_account_id": "",
            "status": "running",
            "timeouts": null,
            "zone": "ru-central1-a"
          },
          "sensitive_attributes": [],
          "private": "eyJlMmJmYjczMC1lY2FhLTExZTYtOGY4OC0zNDM2M2JjN2M0YzAiOnsiY3JlYXRlIjozMDAwMDAwMDAwMDAsImRlbGV0ZSI6MzAwMDAwMDAwMDAwLCJ1cGRhdGUiOjMwMDAwMDAwMDAwMH0sInNjaGVtYV92ZXJzaW9uIjoiMSJ9",
          "dependencies": [
            "yandex_vpc_network.network-1",
            "yandex_vpc_security_group.bastion-sg",
            "yandex_vpc_security_group.elasticsearch-sg",
            "yandex_vpc_security_group.kibana-sg",
            "yandex_vpc_security_group.private-sg",
            "yandex_vpc_subnet.subnet-1"
          ]
        }
      ]
    },
    {
      "mode": "managed",
      "type": "yandex_compute_instance",
      "name": "kib",
      "provider": "provider[\"registry.terraform.io/yandex-cloud/yandex\"]",
      "instances": [
        {
          "schema_version": 1,
          "attributes": {
            "allow_recreate": null,
            "allow_stopping_for_update": null,
            "boot_disk": [
              {
                "auto_delete": true,
                "device_name": "fhmbe9i8ipul50hqbnv9",
                "disk_id": "fhmbe9i8ipul50hqbnv9",
                "initialize_params": [
                  {
                    "block_size": 4096,
                    "description": "",
                    "image_id": "fd84ocs2qmrnto64cl6m",
                    "name": "",
                    "size": 16,
                    "snapshot_id": "",
                    "type": "network-hdd"
                  }
                ],
                "mode": "READ_WRITE"
              }
            ],
            "created_at": "2024-06-03T03:53:44Z",
            "description": "",
            "filesystem": [],
            "folder_id": "b1gjqdvni5q428vrpdii",
            "fqdn": "fhm4cso8b6a9esselggr.auto.internal",
            "gpu_cluster_id": "",
            "hostname": "",
            "id": "fhm4cso8b6a9esselggr",
            "labels": {},
            "local_disk": [],
            "maintenance_grace_period": "",
            "maintenance_policy": null,
            "metadata": {
              "ssh-keys": "ubuntu:ssh-rsa AAAAB3NzaC1yc2EAAAADAQABAAABgQDTepxNeZewX0t5nh2zUZL/VytE1EoycxiuAGxNASA+QWstAK1lphVp7NuNa2miyt7XVBZ1pSyIds/T5JtA+Z9qGV3TLf40qyn0QYtod7lkh9uF3hfz9FJwpvNmgSEzK5az8B5c3ZFasriaSi+XFUb4Wv2XZTUwZtlJUrR1sNkc91QWKQ8PHMEpL71SZ2CclLiozDUhm4so1TdzhuWFY/W5lBgv1OxbfHCNuBYc4T58L5Rwg+XNfi4EaTkeV/ZD0/DRa4tjD00mcdguIm9ADUnuyk2XuK9jt8NrHTYnCF+Z8Q8vwdmetRD706IOVeAwWDobdgl7QEmolg84GRZ0I/C3k/9CPxRfvH+qnkNhr2K9laDMLMKVTtSfsWWbXPdP4RyxCBNpIdbGzMt91WIktXC3JYqhubI0COBl1E8Ev0cRS0oCoulmzWnOy9QSHIjkBi9Gynd3txW5EhFBANEiWWZP5CYbY5ejpL8K+csG38tlXqL36MAvFn+6dkP03qQH+Cs= sizik0ff@VD\n"
            },
            "metadata_options": [
              {
                "aws_v1_http_endpoint": 1,
                "aws_v1_http_token": 2,
                "gce_http_endpoint": 1,
                "gce_http_token": 1
              }
            ],
            "name": "kib",
            "network_acceleration_type": "standard",
            "network_interface": [
              {
                "dns_record": [],
                "index": 0,
                "ip_address": "192.168.10.30",
                "ipv4": true,
                "ipv6": false,
                "ipv6_address": "",
                "ipv6_dns_record": [],
                "mac_address": "d0:0d:46:73:08:59",
                "nat": true,
                "nat_dns_record": [],
                "nat_ip_address": "158.160.118.215",
                "nat_ip_version": "IPV4",
                "security_group_ids": [
                  "enp72imvqvirqedbrhuh",
                  "enpk61o742g2fdgd6514"
                ],
                "subnet_id": "e9bd11ksqbj53s5q23lh"
              }
            ],
            "placement_policy": [
              {
                "host_affinity_rules": [],
                "placement_group_id": "",
                "placement_group_partition": 0
              }
            ],
            "platform_id": "standard-v3",
            "resources": [
              {
                "core_fraction": 20,
                "cores": 2,
                "gpus": 0,
                "memory": 2
              }
            ],
            "scheduling_policy": [
              {
                "preemptible": false
              }
            ],
            "secondary_disk": [],
            "service_account_id": "",
            "status": "running",
            "timeouts": null,
            "zone": "ru-central1-a"
          },
          "sensitive_attributes": [],
          "private": "eyJlMmJmYjczMC1lY2FhLTExZTYtOGY4OC0zNDM2M2JjN2M0YzAiOnsiY3JlYXRlIjozMDAwMDAwMDAwMDAsImRlbGV0ZSI6MzAwMDAwMDAwMDAwLCJ1cGRhdGUiOjMwMDAwMDAwMDAwMH0sInNjaGVtYV92ZXJzaW9uIjoiMSJ9",
          "dependencies": [
            "yandex_vpc_network.network-1",
            "yandex_vpc_security_group.bastion-sg",
            "yandex_vpc_security_group.kibana-sg",
            "yandex_vpc_security_group.private-sg",
            "yandex_vpc_subnet.subnet-1"
          ]
        }
      ]
    },
    {
      "mode": "managed",
      "type": "yandex_compute_instance",
      "name": "vm-1",
      "provider": "provider[\"registry.terraform.io/yandex-cloud/yandex\"]",
      "instances": [
        {
          "schema_version": 1,
          "attributes": {
            "allow_recreate": null,
            "allow_stopping_for_update": null,
            "boot_disk": [
              {
                "auto_delete": true,
                "device_name": "fhm6ffqsinogibiqccnp",
                "disk_id": "fhm6ffqsinogibiqccnp",
                "initialize_params": [
                  {
                    "block_size": 4096,
                    "description": "",
                    "image_id": "fd84ocs2qmrnto64cl6m",
                    "name": "",
                    "size": 10,
                    "snapshot_id": "",
                    "type": "network-hdd"
                  }
                ],
                "mode": "READ_WRITE"
              }
            ],
            "created_at": "2024-06-03T03:53:44Z",
            "description": "",
            "filesystem": [],
            "folder_id": "b1gjqdvni5q428vrpdii",
            "fqdn": "fhml25csk6lv1rp288k0.auto.internal",
            "gpu_cluster_id": "",
            "hostname": "",
            "id": "fhml25csk6lv1rp288k0",
            "labels": {},
            "local_disk": [],
            "maintenance_grace_period": "",
            "maintenance_policy": null,
            "metadata": {
              "ssh-keys": "ubuntu:ssh-rsa AAAAB3NzaC1yc2EAAAADAQABAAABgQDDNewgd/WpsA/rnT3e4wiADrfhz82hbcug7rscgb15mIQ93a+qIR5nuSgWzc/Cvw21/yydGc97BUG83z6MCYZ1a0mARolsLMUFIpRKSKoGpQ5zR/1dsgz5vddCmgAW/VYfphawFL0G0RWNAGGnT+6M8KA5Lo2zs/n5GA6jBJzg+hooZGWKaRT1fQuv62zasjawnkObrPL7+NIx6r0UoxpRYg7kkRBUjzs7EzYwhw4lDYeCEWN34LYu9Mo/mt20vu1fS3lj8y11e9S06NPphYYETVX/eh22oW4TYpmJ/44aKCEoiBKTkEE8jxJUy0ngzNYLGAX9IVhcvJs2uU7A0mC6wrflmXPxwP6yarUcsnbbDMhNxM3UiWulrtOV+Ywtd2Z7/hgQ325hs7jZa+HoP8nDKHN8j77D262m+ljX0h1MmCHknyc9DbLhoxZtvVttKXjnfIqZ6DMLI8EcAaQnLwg7ueaF+G5J+X9RbtUHfLabVTJlf1PLZQnpwr1FNtBS0LE= sizik0ff@VD\n"
            },
            "metadata_options": [
              {
                "aws_v1_http_endpoint": 1,
                "aws_v1_http_token": 2,
                "gce_http_endpoint": 1,
                "gce_http_token": 1
              }
            ],
            "name": "vm1",
            "network_acceleration_type": "standard",
            "network_interface": [
              {
                "dns_record": [],
                "index": 0,
                "ip_address": "192.168.10.10",
                "ipv4": true,
                "ipv6": false,
                "ipv6_address": "",
                "ipv6_dns_record": [],
                "mac_address": "d0:0d:15:11:59:ca",
                "nat": true,
                "nat_dns_record": [],
                "nat_ip_address": "51.250.70.159",
                "nat_ip_version": "IPV4",
                "security_group_ids": [
                  "enp72imvqvirqedbrhuh"
                ],
                "subnet_id": "e9bd11ksqbj53s5q23lh"
              }
            ],
            "placement_policy": [
              {
                "host_affinity_rules": [],
                "placement_group_id": "",
                "placement_group_partition": 0
              }
            ],
            "platform_id": "standard-v3",
            "resources": [
              {
                "core_fraction": 20,
                "cores": 2,
                "gpus": 0,
                "memory": 2
              }
            ],
            "scheduling_policy": [
              {
                "preemptible": false
              }
            ],
            "secondary_disk": [],
            "service_account_id": "",
            "status": "running",
            "timeouts": null,
            "zone": "ru-central1-a"
          },
          "sensitive_attributes": [],
          "private": "eyJlMmJmYjczMC1lY2FhLTExZTYtOGY4OC0zNDM2M2JjN2M0YzAiOnsiY3JlYXRlIjozMDAwMDAwMDAwMDAsImRlbGV0ZSI6MzAwMDAwMDAwMDAwLCJ1cGRhdGUiOjMwMDAwMDAwMDAwMH0sInNjaGVtYV92ZXJzaW9uIjoiMSJ9",
          "dependencies": [
            "yandex_vpc_network.network-1",
            "yandex_vpc_security_group.bastion-sg",
            "yandex_vpc_security_group.private-sg",
            "yandex_vpc_subnet.subnet-1"
          ]
        }
      ]
    },
    {
      "mode": "managed",
      "type": "yandex_compute_instance",
      "name": "vm-2",
      "provider": "provider[\"registry.terraform.io/yandex-cloud/yandex\"]",
      "instances": [
        {
          "schema_version": 1,
          "attributes": {
            "allow_recreate": null,
            "allow_stopping_for_update": null,
            "boot_disk": [
              {
                "auto_delete": true,
                "device_name": "epdh7bvcoen4spbrnuj0",
                "disk_id": "epdh7bvcoen4spbrnuj0",
                "initialize_params": [
                  {
                    "block_size": 4096,
                    "description": "",
                    "image_id": "fd84ocs2qmrnto64cl6m",
                    "name": "",
                    "size": 10,
                    "snapshot_id": "",
                    "type": "network-hdd"
                  }
                ],
                "mode": "READ_WRITE"
              }
            ],
            "created_at": "2024-06-03T03:53:44Z",
            "description": "",
            "filesystem": [],
            "folder_id": "b1gjqdvni5q428vrpdii",
            "fqdn": "epdl8hl4ji1e2fii4lka.auto.internal",
            "gpu_cluster_id": "",
            "hostname": "",
            "id": "epdl8hl4ji1e2fii4lka",
            "labels": {},
            "local_disk": [],
            "maintenance_grace_period": "",
            "maintenance_policy": null,
            "metadata": {
              "ssh-keys": "ubuntu:ssh-rsa AAAAB3NzaC1yc2EAAAADAQABAAABgQDDNewgd/WpsA/rnT3e4wiADrfhz82hbcug7rscgb15mIQ93a+qIR5nuSgWzc/Cvw21/yydGc97BUG83z6MCYZ1a0mARolsLMUFIpRKSKoGpQ5zR/1dsgz5vddCmgAW/VYfphawFL0G0RWNAGGnT+6M8KA5Lo2zs/n5GA6jBJzg+hooZGWKaRT1fQuv62zasjawnkObrPL7+NIx6r0UoxpRYg7kkRBUjzs7EzYwhw4lDYeCEWN34LYu9Mo/mt20vu1fS3lj8y11e9S06NPphYYETVX/eh22oW4TYpmJ/44aKCEoiBKTkEE8jxJUy0ngzNYLGAX9IVhcvJs2uU7A0mC6wrflmXPxwP6yarUcsnbbDMhNxM3UiWulrtOV+Ywtd2Z7/hgQ325hs7jZa+HoP8nDKHN8j77D262m+ljX0h1MmCHknyc9DbLhoxZtvVttKXjnfIqZ6DMLI8EcAaQnLwg7ueaF+G5J+X9RbtUHfLabVTJlf1PLZQnpwr1FNtBS0LE= sizik0ff@VD\n"
            },
            "metadata_options": [
              {
                "aws_v1_http_endpoint": 1,
                "aws_v1_http_token": 2,
                "gce_http_endpoint": 1,
                "gce_http_token": 1
              }
            ],
            "name": "vm2",
            "network_acceleration_type": "standard",
            "network_interface": [
              {
                "dns_record": [],
                "index": 0,
                "ip_address": "192.168.20.10",
                "ipv4": true,
                "ipv6": false,
                "ipv6_address": "",
                "ipv6_dns_record": [],
                "mac_address": "d0:0d:15:44:6a:49",
                "nat": true,
                "nat_dns_record": [],
                "nat_ip_address": "84.252.137.221",
                "nat_ip_version": "IPV4",
                "security_group_ids": [
                  "enp72imvqvirqedbrhuh"
                ],
                "subnet_id": "e2lu6svvrtqsm8egsee8"
              }
            ],
            "placement_policy": [
              {
                "host_affinity_rules": [],
                "placement_group_id": "",
                "placement_group_partition": 0
              }
            ],
            "platform_id": "standard-v3",
            "resources": [
              {
                "core_fraction": 20,
                "cores": 2,
                "gpus": 0,
                "memory": 2
              }
            ],
            "scheduling_policy": [
              {
                "preemptible": false
              }
            ],
            "secondary_disk": [],
            "service_account_id": "",
            "status": "running",
            "timeouts": null,
            "zone": "ru-central1-b"
          },
          "sensitive_attributes": [],
          "private": "eyJlMmJmYjczMC1lY2FhLTExZTYtOGY4OC0zNDM2M2JjN2M0YzAiOnsiY3JlYXRlIjozMDAwMDAwMDAwMDAsImRlbGV0ZSI6MzAwMDAwMDAwMDAwLCJ1cGRhdGUiOjMwMDAwMDAwMDAwMH0sInNjaGVtYV92ZXJzaW9uIjoiMSJ9",
          "dependencies": [
            "yandex_vpc_network.network-1",
            "yandex_vpc_security_group.bastion-sg",
            "yandex_vpc_security_group.private-sg",
            "yandex_vpc_subnet.subnet-2"
          ]
        }
      ]
    },
    {
      "mode": "managed",
      "type": "yandex_compute_instance",
      "name": "zabbix",
      "provider": "provider[\"registry.terraform.io/yandex-cloud/yandex\"]",
      "instances": [
        {
          "schema_version": 1,
          "attributes": {
            "allow_recreate": null,
            "allow_stopping_for_update": null,
            "boot_disk": [
              {
                "auto_delete": true,
                "device_name": "fhm38lbi6agm8ohaj1na",
                "disk_id": "fhm38lbi6agm8ohaj1na",
                "initialize_params": [
                  {
                    "block_size": 4096,
                    "description": "",
                    "image_id": "fd84ocs2qmrnto64cl6m",
                    "name": "",
                    "size": 16,
                    "snapshot_id": "",
                    "type": "network-hdd"
                  }
                ],
                "mode": "READ_WRITE"
              }
            ],
            "created_at": "2024-06-03T03:53:44Z",
            "description": "",
            "filesystem": [],
            "folder_id": "b1gjqdvni5q428vrpdii",
            "fqdn": "fhmtdkc8ikuc6clhgh45.auto.internal",
            "gpu_cluster_id": "",
            "hostname": "",
            "id": "fhmtdkc8ikuc6clhgh45",
            "labels": {},
            "local_disk": [],
            "maintenance_grace_period": "",
            "maintenance_policy": null,
            "metadata": {
              "ssh-keys": "ubuntu:ssh-rsa AAAAB3NzaC1yc2EAAAADAQABAAABgQD0lbRezaAH151Jv8MXf9eL2gdRCs+lgSVK5PxAQJCJikDjuJKW3Hq0F+s2iLwy9pnQ6/JaU6mfXZrFEvdnR3MCnecail3bNHFymsPD5FszW/T+3vUDlXJ+7ZYM0/o7uSu9aS71wJrXasB7nDC/nDUJ0v4e/+XJ1bcs9a1K5cNQbunx+thVeYWeMePGP51rbAFYsiH7T8cSxCkcJ3m6NCjO0aun36nRvWvTGNjSI1kDKomK7cIu2zW+9bpazQSjtHj3T8Ox5OXTK7gEIrGFA46OMkeq7wRJYWVQJReSwc+UdXxZR41cbh0qi9Sqywfrf7krDqB8PN23FSH/4C60WNzRnMejjUus8dpCy8MFmOpE8fMsIZQaba5vN1Ta2K2Lr6avXz3U03g+6jqKUCW+mbTXmZ4AvlMQElVD7nWPojpKrDbrgH1+0aQhnXSeNBwYHUScZbWZDOpOpCVYnw7v3hEludOxg7RyZh1sxrfwbkbg6ArYSQnd8TSH80z+ZdIP+o8= sizik0ff@VD\n"
            },
            "metadata_options": [
              {
                "aws_v1_http_endpoint": 1,
                "aws_v1_http_token": 2,
                "gce_http_endpoint": 1,
                "gce_http_token": 1
              }
            ],
            "name": "zabbix",
            "network_acceleration_type": "standard",
            "network_interface": [
              {
                "dns_record": [],
                "index": 0,
                "ip_address": "192.168.10.40",
                "ipv4": true,
                "ipv6": false,
                "ipv6_address": "",
                "ipv6_dns_record": [],
                "mac_address": "d0:0d:1d:6d:18:89",
                "nat": true,
                "nat_dns_record": [],
                "nat_ip_address": "158.160.112.213",
                "nat_ip_version": "IPV4",
                "security_group_ids": [
                  "enp72imvqvirqedbrhuh"
                ],
                "subnet_id": "e9bd11ksqbj53s5q23lh"
              }
            ],
            "placement_policy": [
              {
                "host_affinity_rules": [],
                "placement_group_id": "",
                "placement_group_partition": 0
              }
            ],
            "platform_id": "standard-v3",
            "resources": [
              {
                "core_fraction": 20,
                "cores": 2,
                "gpus": 0,
                "memory": 2
              }
            ],
            "scheduling_policy": [
              {
                "preemptible": false
              }
            ],
            "secondary_disk": [],
            "service_account_id": "",
            "status": "running",
            "timeouts": null,
            "zone": "ru-central1-a"
          },
          "sensitive_attributes": [],
          "private": "eyJlMmJmYjczMC1lY2FhLTExZTYtOGY4OC0zNDM2M2JjN2M0YzAiOnsiY3JlYXRlIjozMDAwMDAwMDAwMDAsImRlbGV0ZSI6MzAwMDAwMDAwMDAwLCJ1cGRhdGUiOjMwMDAwMDAwMDAwMH0sInNjaGVtYV92ZXJzaW9uIjoiMSJ9",
          "dependencies": [
            "yandex_vpc_network.network-1",
            "yandex_vpc_security_group.bastion-sg",
            "yandex_vpc_security_group.private-sg",
            "yandex_vpc_subnet.subnet-1"
          ]
        }
      ]
    },
    {
      "mode": "managed",
      "type": "yandex_compute_snapshot_schedule",
      "name": "snapshot",
      "provider": "provider[\"registry.terraform.io/yandex-cloud/yandex\"]",
      "instances": [
        {
          "schema_version": 0,
          "attributes": {
            "created_at": "2024-06-03T03:54:26Z",
            "description": "",
            "disk_ids": [
              "epdh7bvcoen4spbrnuj0",
              "fhm38lbi6agm8ohaj1na",
              "fhm6ffqsinogibiqccnp",
              "fhm87n8utrc3pm8nmuov",
              "fhm8n9plqilpgmv6coaf",
              "fhmbe9i8ipul50hqbnv9"
            ],
            "folder_id": "b1gjqdvni5q428vrpdii",
            "id": "fd8h6r6479q24cqdjhep",
            "labels": {},
            "name": "snapshot",
            "retention_period": "",
            "schedule_policy": [
              {
                "expression": "0 6 * * *",
                "start_at": "1970-01-01T00:00:00Z"
              }
            ],
            "snapshot_count": 7,
            "snapshot_spec": [
              {
                "description": "snapshot",
                "labels": {}
              }
            ],
            "status": "active",
            "timeouts": null
          },
          "sensitive_attributes": [],
          "private": "eyJlMmJmYjczMC1lY2FhLTExZTYtOGY4OC0zNDM2M2JjN2M0YzAiOnsiY3JlYXRlIjozMDAwMDAwMDAwMDAsImRlbGV0ZSI6MzAwMDAwMDAwMDAwLCJ1cGRhdGUiOjMwMDAwMDAwMDAwMH19",
          "dependencies": [
            "yandex_compute_instance.bast",
            "yandex_compute_instance.elas",
            "yandex_compute_instance.kib",
            "yandex_compute_instance.vm-1",
            "yandex_compute_instance.vm-2",
            "yandex_compute_instance.zabbix",
            "yandex_vpc_network.network-1",
            "yandex_vpc_security_group.bastion-sg",
            "yandex_vpc_security_group.elasticsearch-sg",
            "yandex_vpc_security_group.kibana-sg",
            "yandex_vpc_security_group.private-sg",
            "yandex_vpc_subnet.subnet-1",
            "yandex_vpc_subnet.subnet-2"
          ]
        }
      ]
    },
    {
      "mode": "managed",
      "type": "yandex_vpc_gateway",
      "name": "nat_gateway",
      "provider": "provider[\"registry.terraform.io/yandex-cloud/yandex\"]",
      "instances": [
        {
          "schema_version": 0,
          "attributes": {
            "created_at": "2024-06-03T03:53:36Z",
            "description": "",
            "folder_id": "b1gjqdvni5q428vrpdii",
            "id": "enpkq1inors362tj5fe9",
            "labels": {},
            "name": "test-gateway",
            "shared_egress_gateway": [
              {}
            ],
            "timeouts": null
          },
          "sensitive_attributes": [],
          "private": "eyJlMmJmYjczMC1lY2FhLTExZTYtOGY4OC0zNDM2M2JjN2M0YzAiOnsiY3JlYXRlIjo2MDAwMDAwMDAwMCwiZGVsZXRlIjo2MDAwMDAwMDAwMCwidXBkYXRlIjo2MDAwMDAwMDAwMH19"
        }
      ]
    },
    {
      "mode": "managed",
      "type": "yandex_vpc_network",
      "name": "network-1",
      "provider": "provider[\"registry.terraform.io/yandex-cloud/yandex\"]",
      "instances": [
        {
          "schema_version": 0,
          "attributes": {
            "created_at": "2024-06-03T03:53:36Z",
            "default_security_group_id": "enpnv507o1d7novuhlah",
            "description": "",
            "folder_id": "b1gjqdvni5q428vrpdii",
            "id": "enp3htkn7ojr67obb2r4",
            "labels": {},
            "name": "network1",
            "subnet_ids": [
              "e2lu6svvrtqsm8egsee8",
              "e9bd11ksqbj53s5q23lh"
            ],
            "timeouts": null
          },
          "sensitive_attributes": [],
          "private": "eyJlMmJmYjczMC1lY2FhLTExZTYtOGY4OC0zNDM2M2JjN2M0YzAiOnsiY3JlYXRlIjo2MDAwMDAwMDAwMCwiZGVsZXRlIjo2MDAwMDAwMDAwMCwidXBkYXRlIjo2MDAwMDAwMDAwMH19"
        }
      ]
    },
    {
      "mode": "managed",
      "type": "yandex_vpc_route_table",
      "name": "route_table",
      "provider": "provider[\"registry.terraform.io/yandex-cloud/yandex\"]",
      "instances": [
        {
          "schema_version": 0,
          "attributes": {
            "created_at": "2024-06-03T03:53:38Z",
            "description": "",
            "folder_id": "b1gjqdvni5q428vrpdii",
            "id": "enp03ijubmdek4vge1oi",
            "labels": {},
            "name": "",
            "network_id": "enp3htkn7ojr67obb2r4",
            "static_route": [
              {
                "destination_prefix": "0.0.0.0/0",
                "gateway_id": "enpkq1inors362tj5fe9",
                "next_hop_address": ""
              }
            ],
            "timeouts": null
          },
          "sensitive_attributes": [],
          "private": "eyJlMmJmYjczMC1lY2FhLTExZTYtOGY4OC0zNDM2M2JjN2M0YzAiOnsiY3JlYXRlIjoxODAwMDAwMDAwMDAsImRlbGV0ZSI6MTgwMDAwMDAwMDAwLCJ1cGRhdGUiOjE4MDAwMDAwMDAwMH19",
          "dependencies": [
            "yandex_vpc_gateway.nat_gateway",
            "yandex_vpc_network.network-1"
          ]
        }
      ]
    },
    {
      "mode": "managed",
      "type": "yandex_vpc_security_group",
      "name": "bastion-sg",
      "provider": "provider[\"registry.terraform.io/yandex-cloud/yandex\"]",
      "instances": [
        {
          "schema_version": 0,
          "attributes": {
            "created_at": "2024-06-03T03:53:41Z",
            "description": "",
            "egress": [
              {
                "description": "allow any outgoing connection",
                "from_port": -1,
                "id": "enp1d1cjgmtr1pmbbl65",
                "labels": {},
                "port": -1,
                "predefined_target": "",
                "protocol": "ANY",
                "security_group_id": "",
                "to_port": -1,
                "v4_cidr_blocks": [
                  "0.0.0.0/0"
                ],
                "v6_cidr_blocks": []
              }
            ],
            "folder_id": "b1gjqdvni5q428vrpdii",
            "id": "enpo7j93uvfbdob15cff",
            "ingress": [
              {
                "description": "allow any ping",
                "from_port": -1,
                "id": "enpvau5as3noq6tnnds1",
                "labels": {},
                "port": -1,
                "predefined_target": "",
                "protocol": "ICMP",
                "security_group_id": "",
                "to_port": -1,
                "v4_cidr_blocks": [
                  "0.0.0.0/0"
                ],
                "v6_cidr_blocks": []
              },
              {
                "description": "allow any ssh incoming connections",
                "from_port": -1,
                "id": "enpg0193rjp4tuk7kfhv",
                "labels": {},
                "port": 22,
                "predefined_target": "",
                "protocol": "TCP",
                "security_group_id": "",
                "to_port": -1,
                "v4_cidr_blocks": [
                  "0.0.0.0/0"
                ],
                "v6_cidr_blocks": []
              }
            ],
            "labels": {},
            "name": "bastion-sg",
            "network_id": "enp3htkn7ojr67obb2r4",
            "status": "ACTIVE",
            "timeouts": null
          },
          "sensitive_attributes": [],
          "private": "eyJlMmJmYjczMC1lY2FhLTExZTYtOGY4OC0zNDM2M2JjN2M0YzAiOnsiY3JlYXRlIjoxODAwMDAwMDAwMDAsImRlbGV0ZSI6MTgwMDAwMDAwMDAwLCJ1cGRhdGUiOjE4MDAwMDAwMDAwMH19",
          "dependencies": [
            "yandex_vpc_network.network-1"
          ]
        }
      ]
    },
    {
      "mode": "managed",
      "type": "yandex_vpc_security_group",
      "name": "elasticsearch-sg",
      "provider": "provider[\"registry.terraform.io/yandex-cloud/yandex\"]",
      "instances": [
        {
          "schema_version": 0,
          "attributes": {
            "created_at": "2024-06-03T03:53:45Z",
            "description": "Elasticsearch security group",
            "egress": [
              {
                "description": "Rule out",
                "from_port": -1,
                "id": "enpo5klfjif86pq4a98g",
                "labels": {},
                "port": -1,
                "predefined_target": "",
                "protocol": "ANY",
                "security_group_id": "",
                "to_port": -1,
                "v4_cidr_blocks": [
                  "0.0.0.0/0"
                ],
                "v6_cidr_blocks": []
              }
            ],
            "folder_id": "b1gjqdvni5q428vrpdii",
            "id": "enprq58ji0u32a9p8rkq",
            "ingress": [
              {
                "description": "Rule for bastion ssh",
                "from_port": -1,
                "id": "enpp41ag0pkq12u3om2f",
                "labels": {},
                "port": 22,
                "predefined_target": "",
                "protocol": "TCP",
                "security_group_id": "enpo7j93uvfbdob15cff",
                "to_port": -1,
                "v4_cidr_blocks": [],
                "v6_cidr_blocks": []
              },
              {
                "description": "Rule for kibana",
                "from_port": -1,
                "id": "enp84n7jsntfeofbruv3",
                "labels": {},
                "port": 9200,
                "predefined_target": "",
                "protocol": "TCP",
                "security_group_id": "enpk61o742g2fdgd6514",
                "to_port": -1,
                "v4_cidr_blocks": [],
                "v6_cidr_blocks": []
              },
              {
                "description": "Rule for web",
                "from_port": -1,
                "id": "enpa0h63p19qj8imkbmi",
                "labels": {},
                "port": 9200,
                "predefined_target": "",
                "protocol": "TCP",
                "security_group_id": "enp72imvqvirqedbrhuh",
                "to_port": -1,
                "v4_cidr_blocks": [],
                "v6_cidr_blocks": []
              }
            ],
            "labels": {},
            "name": "elasticsearch-sg",
            "network_id": "enp3htkn7ojr67obb2r4",
            "status": "ACTIVE",
            "timeouts": null
          },
          "sensitive_attributes": [],
          "private": "eyJlMmJmYjczMC1lY2FhLTExZTYtOGY4OC0zNDM2M2JjN2M0YzAiOnsiY3JlYXRlIjoxODAwMDAwMDAwMDAsImRlbGV0ZSI6MTgwMDAwMDAwMDAwLCJ1cGRhdGUiOjE4MDAwMDAwMDAwMH19",
          "dependencies": [
            "yandex_vpc_network.network-1",
            "yandex_vpc_security_group.bastion-sg",
            "yandex_vpc_security_group.kibana-sg",
            "yandex_vpc_security_group.private-sg"
          ]
        }
      ]
    },
    {
      "mode": "managed",
      "type": "yandex_vpc_security_group",
      "name": "kibana-sg",
      "provider": "provider[\"registry.terraform.io/yandex-cloud/yandex\"]",
      "instances": [
        {
          "schema_version": 0,
          "attributes": {
            "created_at": "2024-06-03T03:53:40Z",
            "description": "",
            "egress": [
              {
                "description": "allow any outgoing connection",
                "from_port": -1,
                "id": "enpd6k0f3qpj8kk2ie05",
                "labels": {},
                "port": -1,
                "predefined_target": "",
                "protocol": "ANY",
                "security_group_id": "",
                "to_port": -1,
                "v4_cidr_blocks": [
                  "0.0.0.0/0"
                ],
                "v6_cidr_blocks": []
              }
            ],
            "folder_id": "b1gjqdvni5q428vrpdii",
            "id": "enpk61o742g2fdgd6514",
            "ingress": [
              {
                "description": "allow any ping",
                "from_port": -1,
                "id": "enpn9k38o5ng7m21508a",
                "labels": {},
                "port": -1,
                "predefined_target": "",
                "protocol": "ICMP",
                "security_group_id": "",
                "to_port": -1,
                "v4_cidr_blocks": [
                  "0.0.0.0/0"
                ],
                "v6_cidr_blocks": []
              },
              {
                "description": "allow kibana incoming connections",
                "from_port": -1,
                "id": "enpemvfrcfnq48ic2vj9",
                "labels": {},
                "port": 5601,
                "predefined_target": "",
                "protocol": "TCP",
                "security_group_id": "",
                "to_port": -1,
                "v4_cidr_blocks": [
                  "0.0.0.0/0"
                ],
                "v6_cidr_blocks": []
              }
            ],
            "labels": {},
            "name": "kibana-sg",
            "network_id": "enp3htkn7ojr67obb2r4",
            "status": "ACTIVE",
            "timeouts": null
          },
          "sensitive_attributes": [],
          "private": "eyJlMmJmYjczMC1lY2FhLTExZTYtOGY4OC0zNDM2M2JjN2M0YzAiOnsiY3JlYXRlIjoxODAwMDAwMDAwMDAsImRlbGV0ZSI6MTgwMDAwMDAwMDAwLCJ1cGRhdGUiOjE4MDAwMDAwMDAwMH19",
          "dependencies": [
            "yandex_vpc_network.network-1"
          ]
        }
      ]
    },
    {
      "mode": "managed",
      "type": "yandex_vpc_security_group",
      "name": "load-balancer-sg",
      "provider": "provider[\"registry.terraform.io/yandex-cloud/yandex\"]",
      "instances": [
        {
          "schema_version": 0,
          "attributes": {
            "created_at": "2024-06-03T03:53:39Z",
            "description": "",
            "egress": [
              {
                "description": "allow any outgoing connection",
                "from_port": -1,
                "id": "enplpjvrh7v40i1k7sad",
                "labels": {},
                "port": -1,
                "predefined_target": "",
                "protocol": "ANY",
                "security_group_id": "",
                "to_port": -1,
                "v4_cidr_blocks": [
                  "0.0.0.0/0"
                ],
                "v6_cidr_blocks": []
              }
            ],
            "folder_id": "b1gjqdvni5q428vrpdii",
            "id": "enpe5fmd1ibtk4l5qv6h",
            "ingress": [
              {
                "description": "Health checks",
                "from_port": -1,
                "id": "enp3bllcb3iq9tg617d4",
                "labels": {},
                "port": -1,
                "predefined_target": "",
                "protocol": "ANY",
                "security_group_id": "",
                "to_port": -1,
                "v4_cidr_blocks": [
                  "0.0.0.0/0"
                ],
                "v6_cidr_blocks": []
              },
              {
                "description": "allow HTTP incoming connections",
                "from_port": -1,
                "id": "enpft06l63v0tf5kfabs",
                "labels": {},
                "port": 80,
                "predefined_target": "",
                "protocol": "TCP",
                "security_group_id": "",
                "to_port": -1,
                "v4_cidr_blocks": [
                  "0.0.0.0/0"
                ],
                "v6_cidr_blocks": []
              },
              {
                "description": "allow any ping",
                "from_port": -1,
                "id": "enp9meti5bce8nc1c85f",
                "labels": {},
                "port": -1,
                "predefined_target": "",
                "protocol": "ICMP",
                "security_group_id": "",
                "to_port": -1,
                "v4_cidr_blocks": [
                  "0.0.0.0/0"
                ],
                "v6_cidr_blocks": []
              }
            ],
            "labels": {},
            "name": "load-balancer-sg",
            "network_id": "enp3htkn7ojr67obb2r4",
            "status": "ACTIVE",
            "timeouts": null
          },
          "sensitive_attributes": [],
          "private": "eyJlMmJmYjczMC1lY2FhLTExZTYtOGY4OC0zNDM2M2JjN2M0YzAiOnsiY3JlYXRlIjoxODAwMDAwMDAwMDAsImRlbGV0ZSI6MTgwMDAwMDAwMDAwLCJ1cGRhdGUiOjE4MDAwMDAwMDAwMH19",
          "dependencies": [
            "yandex_vpc_network.network-1"
          ]
        }
      ]
    },
    {
      "mode": "managed",
      "type": "yandex_vpc_security_group",
      "name": "private-sg",
      "provider": "provider[\"registry.terraform.io/yandex-cloud/yandex\"]",
      "instances": [
        {
          "schema_version": 0,
          "attributes": {
            "created_at": "2024-06-03T03:53:43Z",
            "description": "",
            "egress": [
              {
                "description": "Zabbix out",
                "from_port": 10050,
                "id": "enpg4ec8i0b1ehe745bd",
                "labels": {},
                "port": -1,
                "predefined_target": "",
                "protocol": "ANY",
                "security_group_id": "",
                "to_port": 10051,
                "v4_cidr_blocks": [
                  "0.0.0.0/0"
                ],
                "v6_cidr_blocks": []
              },
              {
                "description": "allow any outgoing connections",
                "from_port": -1,
                "id": "enpsqqj90rjud4j0b39t",
                "labels": {},
                "port": -1,
                "predefined_target": "",
                "protocol": "ANY",
                "security_group_id": "",
                "to_port": -1,
                "v4_cidr_blocks": [
                  "0.0.0.0/0"
                ],
                "v6_cidr_blocks": []
              }
            ],
            "folder_id": "b1gjqdvni5q428vrpdii",
            "id": "enp72imvqvirqedbrhuh",
            "ingress": [
              {
                "description": "Zabbix in",
                "from_port": 10050,
                "id": "enp7ede16ghcm43s9g04",
                "labels": {},
                "port": -1,
                "predefined_target": "",
                "protocol": "ANY",
                "security_group_id": "",
                "to_port": 10051,
                "v4_cidr_blocks": [
                  "0.0.0.0/0"
                ],
                "v6_cidr_blocks": []
              },
              {
                "description": "allow loadbalancer_healthchecks incoming connections",
                "from_port": 0,
                "id": "enp4bvfntv4r07872mhu",
                "labels": {},
                "port": -1,
                "predefined_target": "loadbalancer_healthchecks",
                "protocol": "TCP",
                "security_group_id": "",
                "to_port": 65535,
                "v4_cidr_blocks": [],
                "v6_cidr_blocks": []
              },
              {
                "description": "connect SSH only bastion",
                "from_port": -1,
                "id": "enpe7b43um43olu7u7om",
                "labels": {},
                "port": 22,
                "predefined_target": "",
                "protocol": "ANY",
                "security_group_id": "enpo7j93uvfbdob15cff",
                "to_port": -1,
                "v4_cidr_blocks": [],
                "v6_cidr_blocks": []
              },
              {
                "description": "connect all internal subnets",
                "from_port": 0,
                "id": "enpbro1g2stvj6nvckog",
                "labels": {},
                "port": -1,
                "predefined_target": "",
                "protocol": "ANY",
                "security_group_id": "",
                "to_port": 65535,
                "v4_cidr_blocks": [
                  "192.168.0.0/24"
                ],
                "v6_cidr_blocks": []
              },
              {
                "description": "ingress for ALB",
                "from_port": -1,
                "id": "enpd81ta9n7t06ic27on",
                "labels": {},
                "port": 80,
                "predefined_target": "",
                "protocol": "ANY",
                "security_group_id": "",
                "to_port": -1,
                "v4_cidr_blocks": [
                  "0.0.0.0/0"
                ],
                "v6_cidr_blocks": []
              }
            ],
            "labels": {},
            "name": "private-sg",
            "network_id": "enp3htkn7ojr67obb2r4",
            "status": "ACTIVE",
            "timeouts": null
          },
          "sensitive_attributes": [],
          "private": "eyJlMmJmYjczMC1lY2FhLTExZTYtOGY4OC0zNDM2M2JjN2M0YzAiOnsiY3JlYXRlIjoxODAwMDAwMDAwMDAsImRlbGV0ZSI6MTgwMDAwMDAwMDAwLCJ1cGRhdGUiOjE4MDAwMDAwMDAwMH19",
          "dependencies": [
            "yandex_vpc_network.network-1",
            "yandex_vpc_security_group.bastion-sg"
          ]
        }
      ]
    },
    {
      "mode": "managed",
      "type": "yandex_vpc_subnet",
      "name": "subnet-1",
      "provider": "provider[\"registry.terraform.io/yandex-cloud/yandex\"]",
      "instances": [
        {
          "schema_version": 0,
          "attributes": {
            "created_at": "2024-06-03T03:53:39Z",
            "description": "",
            "dhcp_options": [],
            "folder_id": "b1gjqdvni5q428vrpdii",
            "id": "e9bd11ksqbj53s5q23lh",
            "labels": {},
            "name": "subnet1",
            "network_id": "enp3htkn7ojr67obb2r4",
            "route_table_id": "",
            "timeouts": null,
            "v4_cidr_blocks": [
              "192.168.10.0/24"
            ],
            "v6_cidr_blocks": [],
            "zone": "ru-central1-a"
          },
          "sensitive_attributes": [],
          "private": "eyJlMmJmYjczMC1lY2FhLTExZTYtOGY4OC0zNDM2M2JjN2M0YzAiOnsiY3JlYXRlIjoxODAwMDAwMDAwMDAsImRlbGV0ZSI6MTgwMDAwMDAwMDAwLCJ1cGRhdGUiOjE4MDAwMDAwMDAwMH19",
          "dependencies": [
            "yandex_vpc_network.network-1"
          ]
        }
      ]
    },
    {
      "mode": "managed",
      "type": "yandex_vpc_subnet",
      "name": "subnet-2",
      "provider": "provider[\"registry.terraform.io/yandex-cloud/yandex\"]",
      "instances": [
        {
          "schema_version": 0,
          "attributes": {
            "created_at": "2024-06-03T03:53:38Z",
            "description": "",
            "dhcp_options": [],
            "folder_id": "b1gjqdvni5q428vrpdii",
            "id": "e2lu6svvrtqsm8egsee8",
            "labels": {},
            "name": "subnet2",
            "network_id": "enp3htkn7ojr67obb2r4",
            "route_table_id": "",
            "timeouts": null,
            "v4_cidr_blocks": [
              "192.168.20.0/24"
            ],
            "v6_cidr_blocks": [],
            "zone": "ru-central1-b"
          },
          "sensitive_attributes": [],
          "private": "eyJlMmJmYjczMC1lY2FhLTExZTYtOGY4OC0zNDM2M2JjN2M0YzAiOnsiY3JlYXRlIjoxODAwMDAwMDAwMDAsImRlbGV0ZSI6MTgwMDAwMDAwMDAwLCJ1cGRhdGUiOjE4MDAwMDAwMDAwMH19",
          "dependencies": [
            "yandex_vpc_network.network-1"
          ]
        }
      ]
    }
  ],
  "check_results": null
}
